
Microsoft Visual Studio Solution File, Format Version 12.00
# Visual Studio Version 17
VisualStudioVersion = 17.7.34024.191
MinimumVisualStudioVersion = 10.0.40219.1
Project("{FAE04EC0-301F-11D3-BF4B-00C04F79EFBC}") = "Functions", "Functions\Functions.csproj", "{ADB46BE7-FA35-46FA-A061-B0F64D354687}"
EndProject
Project("{FAE04EC0-301F-11D3-BF4B-00C04F79EFBC}") = "ArgumentsAndParameters", "ArgumentsAndParameters\ArgumentsAndParameters.csproj", "{1F6A5438-D482-44BC-A7D3-60DC112D9A01}"
EndProject
Project("{FAE04EC0-301F-11D3-BF4B-00C04F79EFBC}") = "Calculator", "Calculator\Calculator.csproj", "{9FE3908C-A2AF-4F44-830B-F3112CAD1CAD}"
EndProject
Project("{FAE04EC0-301F-11D3-BF4B-00C04F79EFBC}") = "DiscountCalculator", "DiscountCalculator\DiscountCalculator.csproj", "{D70EDE71-35BB-4FFE-B7CD-90B27292E7A1}"
EndProject
Global
	GlobalSection(SolutionConfigurationPlatforms) = preSolution
		Debug|Any CPU = Debug|Any CPU
		Release|Any CPU = Release|Any CPU
	EndGlobalSection
	GlobalSection(ProjectConfigurationPlatforms) = postSolution
		{ADB46BE7-FA35-46FA-A061-B0F64D354687}.Debug|Any CPU.ActiveCfg = Debug|Any CPU
		{ADB46BE7-FA35-46FA-A061-B0F64D354687}.Debug|Any CPU.Build.0 = Debug|Any CPU
		{ADB46BE7-FA35-46FA-A061-B0F64D354687}.Release|Any CPU.ActiveCfg = Release|Any CPU
		{ADB46BE7-FA35-46FA-A061-B0F64D354687}.Release|Any CPU.Build.0 = Release|Any CPU
		{1F6A5438-D482-44BC-A7D3-60DC112D9A01}.Debug|Any CPU.ActiveCfg = Debug|Any CPU
		{1F6A5438-D482-44BC-A7D3-60DC112D9A01}.Debug|Any CPU.Build.0 = Debug|Any CPU
		{1F6A5438-D482-44BC-A7D3-60DC112D9A01}.Release|Any CPU.ActiveCfg = Release|Any CPU
		{1F6A5438-D482-44BC-A7D3-60DC112D9A01}.Release|Any CPU.Build.0 = Release|Any CPU
		{9FE3908C-A2AF-4F44-830B-F3112CAD1CAD}.Debug|Any CPU.ActiveCfg = Debug|Any CPU
		{9FE3908C-A2AF-4F44-830B-F3112CAD1CAD}.Debug|Any CPU.Build.0 = Debug|Any CPU
		{9FE3908C-A2AF-4F44-830B-F3112CAD1CAD}.Release|Any CPU.ActiveCfg = Release|Any CPU
		{9FE3908C-A2AF-4F44-830B-F3112CAD1CAD}.Release|Any CPU.Build.0 = Release|Any CPU
		{D70EDE71-35BB-4FFE-B7CD-90B27292E7A1}.Debug|Any CPU.ActiveCfg = Debug|Any CPU
		{D70EDE71-35BB-4FFE-B7CD-90B27292E7A1}.Debug|Any CPU.Build.0 = Debug|Any CPU
		{D70EDE71-35BB-4FFE-B7CD-90B27292E7A1}.Release|Any CPU.ActiveCfg = Release|Any CPU
		{D70EDE71-35BB-4FFE-B7CD-90B27292E7A1}.Release|Any CPU.Build.0 = Release|Any CPU
	EndGlobalSection
	GlobalSection(SolutionProperties) = preSolution
		HideSolutionNode = FALSE
	EndGlobalSection
	GlobalSection(ExtensibilityGlobals) = postSolution
		SolutionGuid = {97CD29C8-D509-4193-8924-8585E8D51568}
	EndGlobalSection
EndGlobal
